
Microsoft Visual Studio Solution File, Format Version 12.00
# Visual Studio Version 17
VisualStudioVersion = 17.10.34916.146
MinimumVisualStudioVersion = 10.0.40219.1
Project("{FAE04EC0-301F-11D3-BF4B-00C04F79EFBC}") = "RefactoringUserService", "RefactoringUserService\RefactoringUserService.csproj", "{DE3CAE34-589B-4EC2-9A01-02C43DE90EC4}"
EndProject
Global
	GlobalSection(SolutionConfigurationPlatforms) = preSolution
		Debug|Any CPU = Debug|Any CPU
		Release|Any CPU = Release|Any CPU
	EndGlobalSection
	GlobalSection(ProjectConfigurationPlatforms) = postSolution
		{DE3CAE34-589B-4EC2-9A01-02C43DE90EC4}.Debug|Any CPU.ActiveCfg = Debug|Any CPU
		{DE3CAE34-589B-4EC2-9A01-02C43DE90EC4}.Debug|Any CPU.Build.0 = Debug|Any CPU
		{DE3CAE34-589B-4EC2-9A01-02C43DE90EC4}.Release|Any CPU.ActiveCfg = Release|Any CPU
		{DE3CAE34-589B-4EC2-9A01-02C43DE90EC4}.Release|Any CPU.Build.0 = Release|Any CPU
	EndGlobalSection
	GlobalSection(SolutionProperties) = preSolution
		HideSolutionNode = FALSE
	EndGlobalSection
	GlobalSection(ExtensibilityGlobals) = postSolution
		SolutionGuid = {EF783A10-5209-4DEB-BC2C-C4CF778DCCB5}
	EndGlobalSection
EndGlobal
